
Microsoft Visual Studio Solution File, Format Version 12.00
# Visual Studio Version 17
VisualStudioVersion = 17.2.32526.322
MinimumVisualStudioVersion = 10.0.40219.1
Project("{FAE04EC0-301F-11D3-BF4B-00C04F79EFBC}") = "W5Editable_DeletableList", "W5Editable_DeletableList\W5Editable_DeletableList.csproj", "{AF148728-6C26-4B1F-A9FB-1960F498B629}"
EndProject
Global
	GlobalSection(SolutionConfigurationPlatforms) = preSolution
		Debug|Any CPU = Debug|Any CPU
		Release|Any CPU = Release|Any CPU
	EndGlobalSection
	GlobalSection(ProjectConfigurationPlatforms) = postSolution
		{AF148728-6C26-4B1F-A9FB-1960F498B629}.Debug|Any CPU.ActiveCfg = Debug|Any CPU
		{AF148728-6C26-4B1F-A9FB-1960F498B629}.Debug|Any CPU.Build.0 = Debug|Any CPU
		{AF148728-6C26-4B1F-A9FB-1960F498B629}.Release|Any CPU.ActiveCfg = Release|Any CPU
		{AF148728-6C26-4B1F-A9FB-1960F498B629}.Release|Any CPU.Build.0 = Release|Any CPU
	EndGlobalSection
	GlobalSection(SolutionProperties) = preSolution
		HideSolutionNode = FALSE
	EndGlobalSection
	GlobalSection(ExtensibilityGlobals) = postSolution
		SolutionGuid = {8FAE2833-A662-4F8C-BC88-4C7C3C32A458}
	EndGlobalSection
EndGlobal
